// !$*UTF8*$!
{
	archiveVersion = 1;
	classes = {
	};
	objectVersion = 50;
	objects = {

/* Begin PBXBuildFile section */
		EB4D5053246EA4DE007459D5 /* .gitignore in Resources */ = {isa = PBXBuildFile; fileRef = EB4D5052246EA4DE007459D5 /* .gitignore */; };
		EBA8CD992455EBDB00D35C51 /* AppDelegate.swift in Sources */ = {isa = PBXBuildFile; fileRef = EBA8CD982455EBDB00D35C51 /* AppDelegate.swift */; };
		EBA8CD9B2455EBDB00D35C51 /* SceneDelegate.swift in Sources */ = {isa = PBXBuildFile; fileRef = EBA8CD9A2455EBDB00D35C51 /* SceneDelegate.swift */; };
		EBA8CD9D2455EBDB00D35C51 /* ViewController.swift in Sources */ = {isa = PBXBuildFile; fileRef = EBA8CD9C2455EBDB00D35C51 /* ViewController.swift */; };
		EBA8CDA02455EBDB00D35C51 /* Main.storyboard in Resources */ = {isa = PBXBuildFile; fileRef = EBA8CD9E2455EBDB00D35C51 /* Main.storyboard */; };
		EBA8CDA22455EBDC00D35C51 /* Assets.xcassets in Resources */ = {isa = PBXBuildFile; fileRef = EBA8CDA12455EBDC00D35C51 /* Assets.xcassets */; };
		EBA8CDA52455EBDC00D35C51 /* LaunchScreen.storyboard in Resources */ = {isa = PBXBuildFile; fileRef = EBA8CDA32455EBDC00D35C51 /* LaunchScreen.storyboard */; };
/* End PBXBuildFile section */

/* Begin PBXFileReference section */
		EB4D5052246EA4DE007459D5 /* .gitignore */ = {isa = PBXFileReference; lastKnownFileType = text; path = .gitignore; sourceTree = "<group>"; };
		EBA8CD952455EBDB00D35C51 /* WeekFinder.app */ = {isa = PBXFileReference; explicitFileType = wrapper.application; includeInIndex = 0; path = WeekFinder.app; sourceTree = BUILT_PRODUCTS_DIR; };
		EBA8CD982455EBDB00D35C51 /* AppDelegate.swift */ = {isa = PBXFileReference; lastKnownFileType = sourcecode.swift; path = AppDelegate.swift; sourceTree = "<group>"; };
		EBA8CD9A2455EBDB00D35C51 /* SceneDelegate.swift */ = {isa = PBXFileReference; lastKnownFileType = sourcecode.swift; path = SceneDelegate.swift; sourceTree = "<group>"; };
		EBA8CD9C2455EBDB00D35C51 /* ViewController.swift */ = {isa = PBXFileReference; lastKnownFileType = sourcecode.swift; path = ViewController.swift; sourceTree = "<group>"; };
		EBA8CD9F2455EBDB00D35C51 /* Base */ = {isa = PBXFileReference; lastKnownFileType = file.storyboard; name = Base; path = Base.lproj/Main.storyboard; sourceTree = "<group>"; };
		EBA8CDA12455EBDC00D35C51 /* Assets.xcassets */ = {isa = PBXFileReference; lastKnownFileType = folder.assetcatalog; path = Assets.xcassets; sourceTree = "<group>"; };
		EBA8CDA42455EBDC00D35C51 /* Base */ = {isa = PBXFileReference; lastKnownFileType = file.storyboard; name = Base; path = Base.lproj/LaunchScreen.storyboard; sourceTree = "<group>"; };
		EBA8CDA62455EBDC00D35C51 /* Info.plist */ = {isa = PBXFileReference; lastKnownFileType = text.plist.xml; path = Info.plist; sourceTree = "<group>"; };
/* End PBXFileReference section */

/* Begin PBXFrameworksBuildPhase section */
		EBA8CD922455EBDB00D35C51 /* Frameworks */ = {
			isa = PBXFrameworksBuildPhase;
			buildActionMask = 2147483647;
			files = (
			);
			runOnlyForDeploymentPostprocessing = 0;
		};
/* End PBXFrameworksBuildPhase section */

/* Begin PBXGroup section */
		EBA8CD8C2455EBDB00D35C51 = {
			isa = PBXGroup;
			children = (
				EB4D5052246EA4DE007459D5 /* .gitignore */,
				EBA8CD972455EBDB00D35C51 /* WeekFinder */,
				EBA8CD962455EBDB00D35C51 /* Products */,
			);
			sourceTree = "<group>";
		};
		EBA8CD962455EBDB00D35C51 /* Products */ = {
			isa = PBXGroup;
			children = (
				EBA8CD952455EBDB00D35C51 /* WeekFinder.app */,
			);
			name = Products;
			sourceTree = "<group>";
		};
		EBA8CD972455EBDB00D35C51 /* WeekFinder */ = {
			isa = PBXGroup;
			children = (
				EBA8CD982455EBDB00D35C51 /* AppDelegate.swift */,
				EBA8CD9A2455EBDB00D35C51 /* SceneDelegate.swift */,
				EBA8CD9C2455EBDB00D35C51 /* ViewController.swift */,
				EBA8CD9E2455EBDB00D35C51 /* Main.storyboard */,
				EBA8CDA12455EBDC00D35C51 /* Assets.xcassets */,
				EBA8CDA32455EBDC00D35C51 /* LaunchScreen.storyboard */,
				EBA8CDA62455EBDC00D35C51 /* Info.plist */,
			);
			path = WeekFinder;
			sourceTree = "<group>";
		};
/* End PBXGroup section */

/* Begin PBXNativeTarget section */
		EBA8CD942455EBDB00D35C51 /* WeekFinder */ = {
			isa = PBXNativeTarget;
			buildConfigurationList = EBA8CDA92455EBDC00D35C51 /* Build configuration list for PBXNativeTarget "WeekFinder" */;
			buildPhases = (
				EBA8CD912455EBDB00D35C51 /* Sources */,
				EBA8CD922455EBDB00D35C51 /* Frameworks */,
				EBA8CD932455EBDB00D35C51 /* Resources */,
			);
			buildRules = (
			);
			dependencies = (
			);
			name = WeekFinder;
			productName = WeekFinder;
			productReference = EBA8CD952455EBDB00D35C51 /* WeekFinder.app */;
			productType = "com.apple.product-type.application";
		};
/* End PBXNativeTarget section */

/* Begin PBXProject section */
		EBA8CD8D2455EBDB00D35C51 /* Project object */ = {
			isa = PBXProject;
			attributes = {
				LastSwiftUpdateCheck = 1140;
				LastUpgradeCheck = 1140;
				ORGANIZATIONNAME = "Grudak team";
				TargetAttributes = {
					EBA8CD942455EBDB00D35C51 = {
						CreatedOnToolsVersion = 11.4.1;
					};
				};
			};
			buildConfigurationList = EBA8CD902455EBDB00D35C51 /* Build configuration list for PBXProject "WeekFinder" */;
			compatibilityVersion = "Xcode 9.3";
			developmentRegion = en;
			hasScannedForEncodings = 0;
			knownRegions = (
				en,
				Base,
			);
			mainGroup = EBA8CD8C2455EBDB00D35C51;
			productRefGroup = EBA8CD962455EBDB00D35C51 /* Products */;
			projectDirPath = "";
			projectRoot = "";
			targets = (
				EBA8CD942455EBDB00D35C51 /* WeekFinder */,
			);
		};
/* End PBXProject section */

/* Begin PBXResourcesBuildPhase section */
		EBA8CD932455EBDB00D35C51 /* Resources */ = {
			isa = PBXResourcesBuildPhase;
			buildActionMask = 2147483647;
			files = (
				EB4D5053246EA4DE007459D5 /* .gitignore in Resources */,
				EBA8CDA52455EBDC00D35C51 /* LaunchScreen.storyboard in Resources */,
				EBA8CDA22455EBDC00D35C51 /* Assets.xcassets in Resources */,
				EBA8CDA02455EBDB00D35C51 /* Main.storyboard in Resources */,
			);
			runOnlyForDeploymentPostprocessing = 0;
		};
/* End PBXResourcesBuildPhase section */

/* Begin PBXSourcesBuildPhase section */
		EBA8CD912455EBDB00D35C51 /* Sources */ = {
			isa = PBXSourcesBuildPhase;
			buildActionMask = 2147483647;
			files = (
				EBA8CD9D2455EBDB00D35C51 /* ViewController.swift in Sources */,
				EBA8CD992455EBDB00D35C51 /* AppDelegate.swift in Sources */,
				EBA8CD9B2455EBDB00D35C51 /* SceneDelegate.swift in Sources */,
			);
			runOnlyForDeploymentPostprocessing = 0;
		};
/* End PBXSourcesBuildPhase section */

/* Begin PBXVariantGroup section */
		EBA8CD9E2455EBDB00D35C51 /* Main.storyboard */ = {
			isa = PBXVariantGroup;
			children = (
				EBA8CD9F2455EBDB00D35C51 /* Base */,
			);
			name = Main.storyboard;
			sourceTree = "<group>";
		};
		EBA8CDA32455EBDC00D35C51 /* LaunchScreen.storyboard */ = {
			isa = PBXVariantGroup;
			children = (
				EBA8CDA42455EBDC00D35C51 /* Base */,
			);
			name = LaunchScreen.storyboard;
			sourceTree = "<group>";
		};
/* End PBXVariantGroup section */

/* Begin XCBuildConfiguration section */
		EBA8CDA72455EBDC00D35C51 /* Debug */ = {
			isa = XCBuildConfiguration;
			buildSettings = {
				ALWAYS_SEARCH_USER_PATHS = NO;
				CLANG_ANALYZER_NONNULL = YES;
				CLANG_ANALYZER_NUMBER_OBJECT_CONVERSION = YES_AGGRESSIVE;
				CLANG_CXX_LANGUAGE_STANDARD = "gnu++14";
				CLANG_CXX_LIBRARY = "libc++";
				CLANG_ENABLE_MODULES = YES;
				CLANG_ENABLE_OBJC_ARC = YES;
				CLANG_ENABLE_OBJC_WEAK = YES;
				CLANG_WARN_BLOCK_CAPTURE_AUTORELEASING = YES;
				CLANG_WARN_BOOL_CONVERSION = YES;
				CLANG_WARN_COMMA = YES;
				CLANG_WARN_CONSTANT_CONVERSION = YES;
				CLANG_WARN_DEPRECATED_OBJC_IMPLEMENTATIONS = YES;
				CLANG_WARN_DIRECT_OBJC_ISA_USAGE = YES_ERROR;
				CLANG_WARN_DOCUMENTATION_COMMENTS = YES;
				CLANG_WARN_EMPTY_BODY = YES;
				CLANG_WARN_ENUM_CONVERSION = YES;
				CLANG_WARN_INFINITE_RECURSION = YES;
				CLANG_WARN_INT_CONVERSION = YES;
				CLANG_WARN_NON_LITERAL_NULL_CONVERSION = YES;
				CLANG_WARN_OBJC_IMPLICIT_RETAIN_SELF = YES;
				CLANG_WARN_OBJC_LITERAL_CONVERSION = YES;
				CLANG_WARN_OBJC_ROOT_CLASS = YES_ERROR;
				CLANG_WARN_RANGE_LOOP_ANALYSIS = YES;
				CLANG_WARN_STRICT_PROTOTYPES = YES;
				CLANG_WARN_SUSPICIOUS_MOVE = YES;
				CLANG_WARN_UNGUARDED_AVAILABILITY = YES_AGGRESSIVE;
				CLANG_WARN_UNREACHABLE_CODE = YES;
				CLANG_WARN__DUPLICATE_METHOD_MATCH = YES;
				COPY_PHASE_STRIP = NO;
				DEBUG_INFORMATION_FORMAT = dwarf;
				ENABLE_STRICT_OBJC_MSGSEND = YES;
				ENABLE_TESTABILITY = YES;
				GCC_C_LANGUAGE_STANDARD = gnu11;
				GCC_DYNAMIC_NO_PIC = NO;
				GCC_NO_COMMON_BLOCKS = YES;
				GCC_OPTIMIZATION_LEVEL = 0;
				GCC_PREPROCESSOR_DEFINITIONS = (
					"DEBUG=1",
					"$(inherited)",
				);
				GCC_WARN_64_TO_32_BIT_CONVERSION = YES;
				GCC_WARN_ABOUT_RETURN_TYPE = YES_ERROR;
				GCC_WARN_UNDECLARED_SELECTOR = YES;
				GCC_WARN_UNINITIALIZED_AUTOS = YES_AGGRESSIVE;
				GCC_WARN_UNUSED_FUNCTION = YES;
				GCC_WARN_UNUSED_VARIABLE = YES;
				IPHONEOS_DEPLOYMENT_TARGET = 13.4;
				MTL_ENABLE_DEBUG_INFO = INCLUDE_SOURCE;
				MTL_FAST_MATH = YES;
				ONLY_ACTIVE_ARCH = YES;
				SDKROOT = iphoneos;
				SWIFT_ACTIVE_COMPILATION_CONDITIONS = DEBUG;
				SWIFT_OPTIMIZATION_LEVEL = "-Onone";
			};
			name = Debug;
		};
		EBA8CDA82455EBDC00D35C51 /* Release */ = {
			isa = XCBuildConfiguration;
			buildSettings = {
				ALWAYS_SEARCH_USER_PATHS = NO;
				CLANG_ANALYZER_NONNULL = YES;
				CLANG_ANALYZER_NUMBER_OBJECT_CONVERSION = YES_AGGRESSIVE;
				CLANG_CXX_LANGUAGE_STANDARD = "gnu++14";
				CLANG_CXX_LIBRARY = "libc++";
				CLANG_ENABLE_MODULES = YES;
				CLANG_ENABLE_OBJC_ARC = YES;
				CLANG_ENABLE_OBJC_WEAK = YES;
				CLANG_WARN_BLOCK_CAPTURE_AUTORELEASING = YES;
				CLANG_WARN_BOOL_CONVERSION = YES;
				CLANG_WARN_COMMA = YES;
				CLANG_WARN_CONSTANT_CONVERSION = YES;
				CLANG_WARN_DEPRECATED_OBJC_IMPLEMENTATIONS = YES;
				CLANG_WARN_DIRECT_OBJC_ISA_USAGE = YES_ERROR;
				CLANG_WARN_DOCUMENTATION_COMMENTS = YES;
				CLANG_WARN_EMPTY_BODY = YES;
				CLANG_WARN_ENUM_CONVERSION = YES;
				CLANG_WARN_INFINITE_RECURSION = YES;
				CLANG_WARN_INT_CONVERSION = YES;
				CLANG_WARN_NON_LITERAL_NULL_CONVERSION = YES;
				CLANG_WARN_OBJC_IMPLICIT_RETAIN_SELF = YES;
				CLANG_WARN_OBJC_LITERAL_CONVERSION = YES;
				CLANG_WARN_OBJC_ROOT_CLASS = YES_ERROR;
				CLANG_WARN_RANGE_LOOP_ANALYSIS = YES;
				CLANG_WARN_STRICT_PROTOTYPES = YES;
				CLANG_WARN_SUSPICIOUS_MOVE = YES;
				CLANG_WARN_UNGUARDED_AVAILABILITY = YES_AGGRESSIVE;
				CLANG_WARN_UNREACHABLE_CODE = YES;
				CLANG_WARN__DUPLICATE_METHOD_MATCH = YES;
				COPY_PHASE_STRIP = NO;
				DEBUG_INFORMATION_FORMAT = "dwarf-with-dsym";
				ENABLE_NS_ASSERTIONS = NO;
				ENABLE_STRICT_OBJC_MSGSEND = YES;
				GCC_C_LANGUAGE_STANDARD = gnu11;
				GCC_NO_COMMON_BLOCKS = YES;
				GCC_WARN_64_TO_32_BIT_CONVERSION = YES;
				GCC_WARN_ABOUT_RETURN_TYPE = YES_ERROR;
				GCC_WARN_UNDECLARED_SELECTOR = YES;
				GCC_WARN_UNINITIALIZED_AUTOS = YES_AGGRESSIVE;
				GCC_WARN_UNUSED_FUNCTION = YES;
				GCC_WARN_UNUSED_VARIABLE = YES;
				IPHONEOS_DEPLOYMENT_TARGET = 13.4;
				MTL_ENABLE_DEBUG_INFO = NO;
				MTL_FAST_MATH = YES;
				SDKROOT = iphoneos;
				SWIFT_COMPILATION_MODE = wholemodule;
				SWIFT_OPTIMIZATION_LEVEL = "-O";
				VALIDATE_PRODUCT = YES;
			};
			name = Release;
		};
		EBA8CDAA2455EBDC00D35C51 /* Debug */ = {
			isa = XCBuildConfiguration;
			buildSettings = {
				ASSETCATALOG_COMPILER_APPICON_NAME = AppIcon;
				CODE_SIGN_STYLE = Automatic;
				DEVELOPMENT_TEAM = N2NU58S59W;
				INFOPLIST_FILE = WeekFinder/Info.plist;
				LD_RUNPATH_SEARCH_PATHS = (
					"$(inherited)",
					"@executable_path/Frameworks",
				);
				PRODUCT_BUNDLE_IDENTIFIER = com.vladgrudak.WeekFinder;
				PRODUCT_NAME = "$(TARGET_NAME)";
				SWIFT_VERSION = 5.0;
				TARGETED_DEVICE_FAMILY = "1,2";
			};
			name = Debug;
		};
		EBA8CDAB2455EBDC00D35C51 /* Release */ = {
			isa = XCBuildConfiguration;
			buildSettings = {
				ASSETCATALOG_COMPILER_APPICON_NAME = AppIcon;
				CODE_SIGN_STYLE = Automatic;
				DEVELOPMENT_TEAM = N2NU58S59W;
				INFOPLIST_FILE = WeekFinder/Info.plist;
				LD_RUNPATH_SEARCH_PATHS = (
					"$(inherited)",
					"@executable_path/Frameworks",
				);
				PRODUCT_BUNDLE_IDENTIFIER = com.vladgrudak.WeekFinder;
				PRODUCT_NAME = "$(TARGET_NAME)";
				SWIFT_VERSION = 5.0;
				TARGETED_DEVICE_FAMILY = "1,2";
			};
			name = Release;
		};
/* End XCBuildConfiguration section */

/* Begin XCConfigurationList section */
		EBA8CD902455EBDB00D35C51 /* Build configuration list for PBXProject "WeekFinder" */ = {
			isa = XCConfigurationList;
			buildConfigurations = (
				EBA8CDA72455EBDC00D35C51 /* Debug */,
				EBA8CDA82455EBDC00D35C51 /* Release */,
			);
			defaultConfigurationIsVisible = 0;
			defaultConfigurationName = Release;
		};
		EBA8CDA92455EBDC00D35C51 /* Build configuration list for PBXNativeTarget "WeekFinder" */ = {
			isa = XCConfigurationList;
			buildConfigurations = (
				EBA8CDAA2455EBDC00D35C51 /* Debug */,
				EBA8CDAB2455EBDC00D35C51 /* Release */,
			);
			defaultConfigurationIsVisible = 0;
			defaultConfigurationName = Release;
		};
/* End XCConfigurationList section */
	};
	rootObject = EBA8CD8D2455EBDB00D35C51 /* Project object */;
}
